
Microsoft Visual Studio Solution File, Format Version 12.00
# Visual Studio Version 16
VisualStudioVersion = 16.0.31702.278
MinimumVisualStudioVersion = 10.0.40219.1
Project("{9092AA53-FB77-4645-B42D-1CCCA6BD08BD}") = "EdevaLive data receiver", "EdevaLive data receiver.njsproj", "{D981A3C4-64DA-45A3-95E9-0046710B8875}"
EndProject
Global
	GlobalSection(SolutionConfigurationPlatforms) = preSolution
		Debug|Any CPU = Debug|Any CPU
		Release|Any CPU = Release|Any CPU
	EndGlobalSection
	GlobalSection(ProjectConfigurationPlatforms) = postSolution
		{D981A3C4-64DA-45A3-95E9-0046710B8875}.Debug|Any CPU.ActiveCfg = Debug|Any CPU
		{D981A3C4-64DA-45A3-95E9-0046710B8875}.Debug|Any CPU.Build.0 = Debug|Any CPU
		{D981A3C4-64DA-45A3-95E9-0046710B8875}.Release|Any CPU.ActiveCfg = Release|Any CPU
		{D981A3C4-64DA-45A3-95E9-0046710B8875}.Release|Any CPU.Build.0 = Release|Any CPU
	EndGlobalSection
	GlobalSection(SolutionProperties) = preSolution
		HideSolutionNode = FALSE
	EndGlobalSection
	GlobalSection(ExtensibilityGlobals) = postSolution
		SolutionGuid = {7808DE9F-9A95-48C6-9F05-0ABB5C26ACC2}
	EndGlobalSection
EndGlobal
